
Microsoft Visual Studio Solution File, Format Version 12.00
# Visual Studio Version 16
VisualStudioVersion = 16.0.30907.101
MinimumVisualStudioVersion = 10.0.40219.1
Project("{FAE04EC0-301F-11D3-BF4B-00C04F79EFBC}") = "GameProjectDemo", "GameProjectDemo\GameProjectDemo.csproj", "{D9CA5013-548B-4831-8B35-F25A7EBDB2D7}"
EndProject
Global
	GlobalSection(SolutionConfigurationPlatforms) = preSolution
		Debug|Any CPU = Debug|Any CPU
		Release|Any CPU = Release|Any CPU
	EndGlobalSection
	GlobalSection(ProjectConfigurationPlatforms) = postSolution
		{D9CA5013-548B-4831-8B35-F25A7EBDB2D7}.Debug|Any CPU.ActiveCfg = Debug|Any CPU
		{D9CA5013-548B-4831-8B35-F25A7EBDB2D7}.Debug|Any CPU.Build.0 = Debug|Any CPU
		{D9CA5013-548B-4831-8B35-F25A7EBDB2D7}.Release|Any CPU.ActiveCfg = Release|Any CPU
		{D9CA5013-548B-4831-8B35-F25A7EBDB2D7}.Release|Any CPU.Build.0 = Release|Any CPU
	EndGlobalSection
	GlobalSection(SolutionProperties) = preSolution
		HideSolutionNode = FALSE
	EndGlobalSection
	GlobalSection(ExtensibilityGlobals) = postSolution
		SolutionGuid = {D0107E00-829D-434F-966A-A18DDD6D2956}
	EndGlobalSection
EndGlobal
